
Microsoft Visual Studio Solution File, Format Version 12.00
# Visual Studio Version 17
VisualStudioVersion = 17.2.32516.85
MinimumVisualStudioVersion = 10.0.40219.1
Project("{9A19103F-16F7-4668-BE54-9A1E7A4F7556}") = "SameHashCode", "optim-SameHashCode\SameHashCode.csproj", "{1F600AE4-9A4D-4FC3-9A6B-A88EDD270451}"
EndProject
Project("{9A19103F-16F7-4668-BE54-9A1E7A4F7556}") = "SameHashCodeTest", "SameHashCodeTest\SameHashCodeTest.csproj", "{4A1F9562-B8B8-4A7D-9336-F9DD6DDCCD0B}"
EndProject
Global
	GlobalSection(SolutionConfigurationPlatforms) = preSolution
		Debug|Any CPU = Debug|Any CPU
		Release|Any CPU = Release|Any CPU
	EndGlobalSection
	GlobalSection(ProjectConfigurationPlatforms) = postSolution
		{1F600AE4-9A4D-4FC3-9A6B-A88EDD270451}.Debug|Any CPU.ActiveCfg = Debug|Any CPU
		{1F600AE4-9A4D-4FC3-9A6B-A88EDD270451}.Debug|Any CPU.Build.0 = Debug|Any CPU
		{1F600AE4-9A4D-4FC3-9A6B-A88EDD270451}.Release|Any CPU.ActiveCfg = Release|Any CPU
		{1F600AE4-9A4D-4FC3-9A6B-A88EDD270451}.Release|Any CPU.Build.0 = Release|Any CPU
		{4A1F9562-B8B8-4A7D-9336-F9DD6DDCCD0B}.Debug|Any CPU.ActiveCfg = Debug|Any CPU
		{4A1F9562-B8B8-4A7D-9336-F9DD6DDCCD0B}.Debug|Any CPU.Build.0 = Debug|Any CPU
		{4A1F9562-B8B8-4A7D-9336-F9DD6DDCCD0B}.Release|Any CPU.ActiveCfg = Release|Any CPU
		{4A1F9562-B8B8-4A7D-9336-F9DD6DDCCD0B}.Release|Any CPU.Build.0 = Release|Any CPU
	EndGlobalSection
	GlobalSection(SolutionProperties) = preSolution
		HideSolutionNode = FALSE
	EndGlobalSection
	GlobalSection(ExtensibilityGlobals) = postSolution
		SolutionGuid = {1EDD970E-08E8-4108-803F-F3287F18F9B0}
	EndGlobalSection
EndGlobal
